
Microsoft Visual Studio Solution File, Format Version 12.00
# Visual Studio Version 16
VisualStudioVersion = 16.0.30011.22
MinimumVisualStudioVersion = 10.0.40219.1
Project("{9A19103F-16F7-4668-BE54-9A1E7A4F7556}") = "NUnitTest", "NUnitTest\NUnitTest.csproj", "{AB2C6E71-3935-4184-8FD5-57DF29CAE14B}"
EndProject
Project("{9A19103F-16F7-4668-BE54-9A1E7A4F7556}") = "ClassLibrary", "ClassLibrary\ClassLibrary.csproj", "{A7BC93FF-6937-4C15-8242-B1B5C4B53B58}"
EndProject
Project("{9A19103F-16F7-4668-BE54-9A1E7A4F7556}") = "ConsoleApp", "ConsoleApp\ConsoleApp.csproj", "{64567E3F-09FF-4791-B990-E186589D5F90}"
	ProjectSection(ProjectDependencies) = postProject
		{A7BC93FF-6937-4C15-8242-B1B5C4B53B58} = {A7BC93FF-6937-4C15-8242-B1B5C4B53B58}
	EndProjectSection
EndProject
Global
	GlobalSection(SolutionConfigurationPlatforms) = preSolution
		Debug|Any CPU = Debug|Any CPU
		Release|Any CPU = Release|Any CPU
	EndGlobalSection
	GlobalSection(ProjectConfigurationPlatforms) = postSolution
		{AB2C6E71-3935-4184-8FD5-57DF29CAE14B}.Debug|Any CPU.ActiveCfg = Debug|Any CPU
		{AB2C6E71-3935-4184-8FD5-57DF29CAE14B}.Debug|Any CPU.Build.0 = Debug|Any CPU
		{AB2C6E71-3935-4184-8FD5-57DF29CAE14B}.Release|Any CPU.ActiveCfg = Release|Any CPU
		{AB2C6E71-3935-4184-8FD5-57DF29CAE14B}.Release|Any CPU.Build.0 = Release|Any CPU
		{A7BC93FF-6937-4C15-8242-B1B5C4B53B58}.Debug|Any CPU.ActiveCfg = Debug|Any CPU
		{A7BC93FF-6937-4C15-8242-B1B5C4B53B58}.Debug|Any CPU.Build.0 = Debug|Any CPU
		{A7BC93FF-6937-4C15-8242-B1B5C4B53B58}.Release|Any CPU.ActiveCfg = Release|Any CPU
		{A7BC93FF-6937-4C15-8242-B1B5C4B53B58}.Release|Any CPU.Build.0 = Release|Any CPU
		{64567E3F-09FF-4791-B990-E186589D5F90}.Debug|Any CPU.ActiveCfg = Debug|Any CPU
		{64567E3F-09FF-4791-B990-E186589D5F90}.Debug|Any CPU.Build.0 = Debug|Any CPU
		{64567E3F-09FF-4791-B990-E186589D5F90}.Release|Any CPU.ActiveCfg = Release|Any CPU
		{64567E3F-09FF-4791-B990-E186589D5F90}.Release|Any CPU.Build.0 = Release|Any CPU
	EndGlobalSection
	GlobalSection(SolutionProperties) = preSolution
		HideSolutionNode = FALSE
	EndGlobalSection
	GlobalSection(ExtensibilityGlobals) = postSolution
		SolutionGuid = {62499560-1305-4A2F-B097-97497E590ADA}
	EndGlobalSection
EndGlobal
